// !$*UTF8*$!
{
	archiveVersion = 1;
	classes = {
	};
	objectVersion = 56;
	objects = {

/* Begin PBXBuildFile section */
		CA3618B62AFD942600463F9B /* AppDelegate.swift in Sources */ = {isa = PBXBuildFile; fileRef = CA3618B52AFD942600463F9B /* AppDelegate.swift */; };
		CA3618B82AFD942600463F9B /* SceneDelegate.swift in Sources */ = {isa = PBXBuildFile; fileRef = CA3618B72AFD942600463F9B /* SceneDelegate.swift */; };
		CA3618BA2AFD942600463F9B /* RegionsViewController.swift in Sources */ = {isa = PBXBuildFile; fileRef = CA3618B92AFD942600463F9B /* RegionsViewController.swift */; };
		CA3618BD2AFD942600463F9B /* Main.storyboard in Resources */ = {isa = PBXBuildFile; fileRef = CA3618BB2AFD942600463F9B /* Main.storyboard */; };
		CA3618BF2AFD942700463F9B /* Assets.xcassets in Resources */ = {isa = PBXBuildFile; fileRef = CA3618BE2AFD942700463F9B /* Assets.xcassets */; };
		CA3618C22AFD942700463F9B /* LaunchScreen.storyboard in Resources */ = {isa = PBXBuildFile; fileRef = CA3618C02AFD942700463F9B /* LaunchScreen.storyboard */; };
		CA3618CA2AFDEFC100463F9B /* RegionCell.swift in Sources */ = {isa = PBXBuildFile; fileRef = CA3618C92AFDEFC100463F9B /* RegionCell.swift */; };
		CA3618D22AFEFAD500463F9B /* RegionsViewModel.swift in Sources */ = {isa = PBXBuildFile; fileRef = CA3618D12AFEFAD500463F9B /* RegionsViewModel.swift */; };
		CA3618D42AFF055500463F9B /* RegionsCellViewModel.swift in Sources */ = {isa = PBXBuildFile; fileRef = CA3618D32AFF055500463F9B /* RegionsCellViewModel.swift */; };
/* End PBXBuildFile section */

/* Begin PBXFileReference section */
		CA3618B22AFD942600463F9B /* RegionsList.app */ = {isa = PBXFileReference; explicitFileType = wrapper.application; includeInIndex = 0; path = RegionsList.app; sourceTree = BUILT_PRODUCTS_DIR; };
		CA3618B52AFD942600463F9B /* AppDelegate.swift */ = {isa = PBXFileReference; lastKnownFileType = sourcecode.swift; path = AppDelegate.swift; sourceTree = "<group>"; };
		CA3618B72AFD942600463F9B /* SceneDelegate.swift */ = {isa = PBXFileReference; lastKnownFileType = sourcecode.swift; path = SceneDelegate.swift; sourceTree = "<group>"; };
		CA3618B92AFD942600463F9B /* RegionsViewController.swift */ = {isa = PBXFileReference; lastKnownFileType = sourcecode.swift; path = RegionsViewController.swift; sourceTree = "<group>"; };
		CA3618BC2AFD942600463F9B /* Base */ = {isa = PBXFileReference; lastKnownFileType = file.storyboard; name = Base; path = Base.lproj/Main.storyboard; sourceTree = "<group>"; };
		CA3618BE2AFD942700463F9B /* Assets.xcassets */ = {isa = PBXFileReference; lastKnownFileType = folder.assetcatalog; path = Assets.xcassets; sourceTree = "<group>"; };
		CA3618C12AFD942700463F9B /* Base */ = {isa = PBXFileReference; lastKnownFileType = file.storyboard; name = Base; path = Base.lproj/LaunchScreen.storyboard; sourceTree = "<group>"; };
		CA3618C32AFD942700463F9B /* Info.plist */ = {isa = PBXFileReference; lastKnownFileType = text.plist.xml; path = Info.plist; sourceTree = "<group>"; };
		CA3618C92AFDEFC100463F9B /* RegionCell.swift */ = {isa = PBXFileReference; lastKnownFileType = sourcecode.swift; path = RegionCell.swift; sourceTree = "<group>"; };
		CA3618D12AFEFAD500463F9B /* RegionsViewModel.swift */ = {isa = PBXFileReference; lastKnownFileType = sourcecode.swift; path = RegionsViewModel.swift; sourceTree = "<group>"; };
		CA3618D32AFF055500463F9B /* RegionsCellViewModel.swift */ = {isa = PBXFileReference; lastKnownFileType = sourcecode.swift; path = RegionsCellViewModel.swift; sourceTree = "<group>"; };
/* End PBXFileReference section */

/* Begin PBXFrameworksBuildPhase section */
		CA3618AF2AFD942600463F9B /* Frameworks */ = {
			isa = PBXFrameworksBuildPhase;
			buildActionMask = 2147483647;
			files = (
			);
			runOnlyForDeploymentPostprocessing = 0;
		};
/* End PBXFrameworksBuildPhase section */

/* Begin PBXGroup section */
		CA3618A92AFD942600463F9B = {
			isa = PBXGroup;
			children = (
				CA3618B42AFD942600463F9B /* RegionsList */,
				CA3618B32AFD942600463F9B /* Products */,
			);
			sourceTree = "<group>";
		};
		CA3618B32AFD942600463F9B /* Products */ = {
			isa = PBXGroup;
			children = (
				CA3618B22AFD942600463F9B /* RegionsList.app */,
			);
			name = Products;
			sourceTree = "<group>";
		};
		CA3618B42AFD942600463F9B /* RegionsList */ = {
			isa = PBXGroup;
			children = (
				CA3618CD2AFEFA0D00463F9B /* View */,
				CA3618CC2AFEF9F700463F9B /* ViewModel */,
				CA3618B52AFD942600463F9B /* AppDelegate.swift */,
				CA3618B72AFD942600463F9B /* SceneDelegate.swift */,
				CA3618BB2AFD942600463F9B /* Main.storyboard */,
				CA3618BE2AFD942700463F9B /* Assets.xcassets */,
				CA3618C02AFD942700463F9B /* LaunchScreen.storyboard */,
				CA3618C32AFD942700463F9B /* Info.plist */,
			);
			path = RegionsList;
			sourceTree = "<group>";
		};
		CA3618CC2AFEF9F700463F9B /* ViewModel */ = {
			isa = PBXGroup;
			children = (
				CA3618D12AFEFAD500463F9B /* RegionsViewModel.swift */,
				CA3618D32AFF055500463F9B /* RegionsCellViewModel.swift */,
			);
			path = ViewModel;
			sourceTree = "<group>";
		};
		CA3618CD2AFEFA0D00463F9B /* View */ = {
			isa = PBXGroup;
			children = (
				CA3618C92AFDEFC100463F9B /* RegionCell.swift */,
				CA3618B92AFD942600463F9B /* RegionsViewController.swift */,
			);
			path = View;
			sourceTree = "<group>";
		};
/* End PBXGroup section */

/* Begin PBXNativeTarget section */
		CA3618B12AFD942600463F9B /* RegionsList */ = {
			isa = PBXNativeTarget;
			buildConfigurationList = CA3618C62AFD942700463F9B /* Build configuration list for PBXNativeTarget "RegionsList" */;
			buildPhases = (
				CA3618AE2AFD942600463F9B /* Sources */,
				CA3618AF2AFD942600463F9B /* Frameworks */,
				CA3618B02AFD942600463F9B /* Resources */,
			);
			buildRules = (
			);
			dependencies = (
			);
			name = RegionsList;
			productName = RegionsList;
			productReference = CA3618B22AFD942600463F9B /* RegionsList.app */;
			productType = "com.apple.product-type.application";
		};
/* End PBXNativeTarget section */

/* Begin PBXProject section */
		CA3618AA2AFD942600463F9B /* Project object */ = {
			isa = PBXProject;
			attributes = {
				BuildIndependentTargetsInParallel = 1;
				LastSwiftUpdateCheck = 1430;
				LastUpgradeCheck = 1430;
				TargetAttributes = {
					CA3618B12AFD942600463F9B = {
						CreatedOnToolsVersion = 14.3.1;
					};
				};
			};
			buildConfigurationList = CA3618AD2AFD942600463F9B /* Build configuration list for PBXProject "RegionsList" */;
			compatibilityVersion = "Xcode 14.0";
			developmentRegion = en;
			hasScannedForEncodings = 0;
			knownRegions = (
				en,
				Base,
			);
			mainGroup = CA3618A92AFD942600463F9B;
			productRefGroup = CA3618B32AFD942600463F9B /* Products */;
			projectDirPath = "";
			projectRoot = "";
			targets = (
				CA3618B12AFD942600463F9B /* RegionsList */,
			);
		};
/* End PBXProject section */

/* Begin PBXResourcesBuildPhase section */
		CA3618B02AFD942600463F9B /* Resources */ = {
			isa = PBXResourcesBuildPhase;
			buildActionMask = 2147483647;
			files = (
				CA3618C22AFD942700463F9B /* LaunchScreen.storyboard in Resources */,
				CA3618BF2AFD942700463F9B /* Assets.xcassets in Resources */,
				CA3618BD2AFD942600463F9B /* Main.storyboard in Resources */,
			);
			runOnlyForDeploymentPostprocessing = 0;
		};
/* End PBXResourcesBuildPhase section */

/* Begin PBXSourcesBuildPhase section */
		CA3618AE2AFD942600463F9B /* Sources */ = {
			isa = PBXSourcesBuildPhase;
			buildActionMask = 2147483647;
			files = (
				CA3618BA2AFD942600463F9B /* RegionsViewController.swift in Sources */,
				CA3618D22AFEFAD500463F9B /* RegionsViewModel.swift in Sources */,
				CA3618D42AFF055500463F9B /* RegionsCellViewModel.swift in Sources */,
				CA3618CA2AFDEFC100463F9B /* RegionCell.swift in Sources */,
				CA3618B62AFD942600463F9B /* AppDelegate.swift in Sources */,
				CA3618B82AFD942600463F9B /* SceneDelegate.swift in Sources */,
			);
			runOnlyForDeploymentPostprocessing = 0;
		};
/* End PBXSourcesBuildPhase section */

/* Begin PBXVariantGroup section */
		CA3618BB2AFD942600463F9B /* Main.storyboard */ = {
			isa = PBXVariantGroup;
			children = (
				CA3618BC2AFD942600463F9B /* Base */,
			);
			name = Main.storyboard;
			sourceTree = "<group>";
		};
		CA3618C02AFD942700463F9B /* LaunchScreen.storyboard */ = {
			isa = PBXVariantGroup;
			children = (
				CA3618C12AFD942700463F9B /* Base */,
			);
			name = LaunchScreen.storyboard;
			sourceTree = "<group>";
		};
/* End PBXVariantGroup section */

/* Begin XCBuildConfiguration section */
		CA3618C42AFD942700463F9B /* Debug */ = {
			isa = XCBuildConfiguration;
			buildSettings = {
				ALWAYS_SEARCH_USER_PATHS = NO;
				CLANG_ANALYZER_NONNULL = YES;
				CLANG_ANALYZER_NUMBER_OBJECT_CONVERSION = YES_AGGRESSIVE;
				CLANG_CXX_LANGUAGE_STANDARD = "gnu++20";
				CLANG_ENABLE_MODULES = YES;
				CLANG_ENABLE_OBJC_ARC = YES;
				CLANG_ENABLE_OBJC_WEAK = YES;
				CLANG_WARN_BLOCK_CAPTURE_AUTORELEASING = YES;
				CLANG_WARN_BOOL_CONVERSION = YES;
				CLANG_WARN_COMMA = YES;
				CLANG_WARN_CONSTANT_CONVERSION = YES;
				CLANG_WARN_DEPRECATED_OBJC_IMPLEMENTATIONS = YES;
				CLANG_WARN_DIRECT_OBJC_ISA_USAGE = YES_ERROR;
				CLANG_WARN_DOCUMENTATION_COMMENTS = YES;
				CLANG_WARN_EMPTY_BODY = YES;
				CLANG_WARN_ENUM_CONVERSION = YES;
				CLANG_WARN_INFINITE_RECURSION = YES;
				CLANG_WARN_INT_CONVERSION = YES;
				CLANG_WARN_NON_LITERAL_NULL_CONVERSION = YES;
				CLANG_WARN_OBJC_IMPLICIT_RETAIN_SELF = YES;
				CLANG_WARN_OBJC_LITERAL_CONVERSION = YES;
				CLANG_WARN_OBJC_ROOT_CLASS = YES_ERROR;
				CLANG_WARN_QUOTED_INCLUDE_IN_FRAMEWORK_HEADER = YES;
				CLANG_WARN_RANGE_LOOP_ANALYSIS = YES;
				CLANG_WARN_STRICT_PROTOTYPES = YES;
				CLANG_WARN_SUSPICIOUS_MOVE = YES;
				CLANG_WARN_UNGUARDED_AVAILABILITY = YES_AGGRESSIVE;
				CLANG_WARN_UNREACHABLE_CODE = YES;
				CLANG_WARN__DUPLICATE_METHOD_MATCH = YES;
				COPY_PHASE_STRIP = NO;
				DEBUG_INFORMATION_FORMAT = dwarf;
				ENABLE_STRICT_OBJC_MSGSEND = YES;
				ENABLE_TESTABILITY = YES;
				GCC_C_LANGUAGE_STANDARD = gnu11;
				GCC_DYNAMIC_NO_PIC = NO;
				GCC_NO_COMMON_BLOCKS = YES;
				GCC_OPTIMIZATION_LEVEL = 0;
				GCC_PREPROCESSOR_DEFINITIONS = (
					"DEBUG=1",
					"$(inherited)",
				);
				GCC_WARN_64_TO_32_BIT_CONVERSION = YES;
				GCC_WARN_ABOUT_RETURN_TYPE = YES_ERROR;
				GCC_WARN_UNDECLARED_SELECTOR = YES;
				GCC_WARN_UNINITIALIZED_AUTOS = YES_AGGRESSIVE;
				GCC_WARN_UNUSED_FUNCTION = YES;
				GCC_WARN_UNUSED_VARIABLE = YES;
				IPHONEOS_DEPLOYMENT_TARGET = 16.4;
				MTL_ENABLE_DEBUG_INFO = INCLUDE_SOURCE;
				MTL_FAST_MATH = YES;
				ONLY_ACTIVE_ARCH = YES;
				SDKROOT = iphoneos;
				SWIFT_ACTIVE_COMPILATION_CONDITIONS = DEBUG;
				SWIFT_OPTIMIZATION_LEVEL = "-Onone";
			};
			name = Debug;
		};
		CA3618C52AFD942700463F9B /* Release */ = {
			isa = XCBuildConfiguration;
			buildSettings = {
				ALWAYS_SEARCH_USER_PATHS = NO;
				CLANG_ANALYZER_NONNULL = YES;
				CLANG_ANALYZER_NUMBER_OBJECT_CONVERSION = YES_AGGRESSIVE;
				CLANG_CXX_LANGUAGE_STANDARD = "gnu++20";
				CLANG_ENABLE_MODULES = YES;
				CLANG_ENABLE_OBJC_ARC = YES;
				CLANG_ENABLE_OBJC_WEAK = YES;
				CLANG_WARN_BLOCK_CAPTURE_AUTORELEASING = YES;
				CLANG_WARN_BOOL_CONVERSION = YES;
				CLANG_WARN_COMMA = YES;
				CLANG_WARN_CONSTANT_CONVERSION = YES;
				CLANG_WARN_DEPRECATED_OBJC_IMPLEMENTATIONS = YES;
				CLANG_WARN_DIRECT_OBJC_ISA_USAGE = YES_ERROR;
				CLANG_WARN_DOCUMENTATION_COMMENTS = YES;
				CLANG_WARN_EMPTY_BODY = YES;
				CLANG_WARN_ENUM_CONVERSION = YES;
				CLANG_WARN_INFINITE_RECURSION = YES;
				CLANG_WARN_INT_CONVERSION = YES;
				CLANG_WARN_NON_LITERAL_NULL_CONVERSION = YES;
				CLANG_WARN_OBJC_IMPLICIT_RETAIN_SELF = YES;
				CLANG_WARN_OBJC_LITERAL_CONVERSION = YES;
				CLANG_WARN_OBJC_ROOT_CLASS = YES_ERROR;
				CLANG_WARN_QUOTED_INCLUDE_IN_FRAMEWORK_HEADER = YES;
				CLANG_WARN_RANGE_LOOP_ANALYSIS = YES;
				CLANG_WARN_STRICT_PROTOTYPES = YES;
				CLANG_WARN_SUSPICIOUS_MOVE = YES;
				CLANG_WARN_UNGUARDED_AVAILABILITY = YES_AGGRESSIVE;
				CLANG_WARN_UNREACHABLE_CODE = YES;
				CLANG_WARN__DUPLICATE_METHOD_MATCH = YES;
				COPY_PHASE_STRIP = NO;
				DEBUG_INFORMATION_FORMAT = "dwarf-with-dsym";
				ENABLE_NS_ASSERTIONS = NO;
				ENABLE_STRICT_OBJC_MSGSEND = YES;
				GCC_C_LANGUAGE_STANDARD = gnu11;
				GCC_NO_COMMON_BLOCKS = YES;
				GCC_WARN_64_TO_32_BIT_CONVERSION = YES;
				GCC_WARN_ABOUT_RETURN_TYPE = YES_ERROR;
				GCC_WARN_UNDECLARED_SELECTOR = YES;
				GCC_WARN_UNINITIALIZED_AUTOS = YES_AGGRESSIVE;
				GCC_WARN_UNUSED_FUNCTION = YES;
				GCC_WARN_UNUSED_VARIABLE = YES;
				IPHONEOS_DEPLOYMENT_TARGET = 16.4;
				MTL_ENABLE_DEBUG_INFO = NO;
				MTL_FAST_MATH = YES;
				SDKROOT = iphoneos;
				SWIFT_COMPILATION_MODE = wholemodule;
				SWIFT_OPTIMIZATION_LEVEL = "-O";
				VALIDATE_PRODUCT = YES;
			};
			name = Release;
		};
		CA3618C72AFD942700463F9B /* Debug */ = {
			isa = XCBuildConfiguration;
			buildSettings = {
				ASSETCATALOG_COMPILER_APPICON_NAME = AppIcon;
				ASSETCATALOG_COMPILER_GLOBAL_ACCENT_COLOR_NAME = AccentColor;
				CODE_SIGN_STYLE = Automatic;
				CURRENT_PROJECT_VERSION = 1;
				DEVELOPMENT_TEAM = Q94UG63NK9;
				GENERATE_INFOPLIST_FILE = YES;
				INFOPLIST_FILE = RegionsList/Info.plist;
				INFOPLIST_KEY_UIApplicationSupportsIndirectInputEvents = YES;
				INFOPLIST_KEY_UILaunchStoryboardName = LaunchScreen;
				INFOPLIST_KEY_UIMainStoryboardFile = Main;
				INFOPLIST_KEY_UISupportedInterfaceOrientations_iPad = "UIInterfaceOrientationPortrait UIInterfaceOrientationPortraitUpsideDown UIInterfaceOrientationLandscapeLeft UIInterfaceOrientationLandscapeRight";
				INFOPLIST_KEY_UISupportedInterfaceOrientations_iPhone = "UIInterfaceOrientationPortrait UIInterfaceOrientationLandscapeLeft UIInterfaceOrientationLandscapeRight";
				LD_RUNPATH_SEARCH_PATHS = (
					"$(inherited)",
					"@executable_path/Frameworks",
				);
				MARKETING_VERSION = 1.0;
				PRODUCT_BUNDLE_IDENTIFIER = "https---anupkuriakose.netlify.app-.RegionsList";
				PRODUCT_NAME = "$(TARGET_NAME)";
				SWIFT_EMIT_LOC_STRINGS = YES;
				SWIFT_VERSION = 5.0;
				TARGETED_DEVICE_FAMILY = "1,2";
			};
			name = Debug;
		};
		CA3618C82AFD942700463F9B /* Release */ = {
			isa = XCBuildConfiguration;
			buildSettings = {
				ASSETCATALOG_COMPILER_APPICON_NAME = AppIcon;
				ASSETCATALOG_COMPILER_GLOBAL_ACCENT_COLOR_NAME = AccentColor;
				CODE_SIGN_STYLE = Automatic;
				CURRENT_PROJECT_VERSION = 1;
				DEVELOPMENT_TEAM = Q94UG63NK9;
				GENERATE_INFOPLIST_FILE = YES;
				INFOPLIST_FILE = RegionsList/Info.plist;
				INFOPLIST_KEY_UIApplicationSupportsIndirectInputEvents = YES;
				INFOPLIST_KEY_UILaunchStoryboardName = LaunchScreen;
				INFOPLIST_KEY_UIMainStoryboardFile = Main;
				INFOPLIST_KEY_UISupportedInterfaceOrientations_iPad = "UIInterfaceOrientationPortrait UIInterfaceOrientationPortraitUpsideDown UIInterfaceOrientationLandscapeLeft UIInterfaceOrientationLandscapeRight";
				INFOPLIST_KEY_UISupportedInterfaceOrientations_iPhone = "UIInterfaceOrientationPortrait UIInterfaceOrientationLandscapeLeft UIInterfaceOrientationLandscapeRight";
				LD_RUNPATH_SEARCH_PATHS = (
					"$(inherited)",
					"@executable_path/Frameworks",
				);
				MARKETING_VERSION = 1.0;
				PRODUCT_BUNDLE_IDENTIFIER = "https---anupkuriakose.netlify.app-.RegionsList";
				PRODUCT_NAME = "$(TARGET_NAME)";
				SWIFT_EMIT_LOC_STRINGS = YES;
				SWIFT_VERSION = 5.0;
				TARGETED_DEVICE_FAMILY = "1,2";
			};
			name = Release;
		};
/* End XCBuildConfiguration section */

/* Begin XCConfigurationList section */
		CA3618AD2AFD942600463F9B /* Build configuration list for PBXProject "RegionsList" */ = {
			isa = XCConfigurationList;
			buildConfigurations = (
				CA3618C42AFD942700463F9B /* Debug */,
				CA3618C52AFD942700463F9B /* Release */,
			);
			defaultConfigurationIsVisible = 0;
			defaultConfigurationName = Release;
		};
		CA3618C62AFD942700463F9B /* Build configuration list for PBXNativeTarget "RegionsList" */ = {
			isa = XCConfigurationList;
			buildConfigurations = (
				CA3618C72AFD942700463F9B /* Debug */,
				CA3618C82AFD942700463F9B /* Release */,
			);
			defaultConfigurationIsVisible = 0;
			defaultConfigurationName = Release;
		};
/* End XCConfigurationList section */
	};
	rootObject = CA3618AA2AFD942600463F9B /* Project object */;
}
